// !$*UTF8*$!
{
	archiveVersion = 1;
	classes = {
	};
	objectVersion = 50;
	objects = {

/* Begin PBXBuildFile section */
		882292BF239E1C3000D65974 /* LocalNotificationManager.swift in Sources */ = {isa = PBXBuildFile; fileRef = 882292BE239E1C3000D65974 /* LocalNotificationManager.swift */; };
		88262B3023956F5A00BC4FD6 /* RKCell.swift in Sources */ = {isa = PBXBuildFile; fileRef = 88262B2923956F5A00BC4FD6 /* RKCell.swift */; };
		88262B3123956F5A00BC4FD6 /* RKViewController.swift in Sources */ = {isa = PBXBuildFile; fileRef = 88262B2A23956F5A00BC4FD6 /* RKViewController.swift */; };
		88262B3223956F5A00BC4FD6 /* RKWeekdayHeader.swift in Sources */ = {isa = PBXBuildFile; fileRef = 88262B2B23956F5A00BC4FD6 /* RKWeekdayHeader.swift */; };
		88262B3323956F5A00BC4FD6 /* RKColorSettings.swift in Sources */ = {isa = PBXBuildFile; fileRef = 88262B2C23956F5A00BC4FD6 /* RKColorSettings.swift */; };
		88262B3423956F5A00BC4FD6 /* RKDate.swift in Sources */ = {isa = PBXBuildFile; fileRef = 88262B2D23956F5A00BC4FD6 /* RKDate.swift */; };
		88262B3523956F5A00BC4FD6 /* RKManager.swift in Sources */ = {isa = PBXBuildFile; fileRef = 88262B2E23956F5A00BC4FD6 /* RKManager.swift */; };
		88262B3623956F5A00BC4FD6 /* RKMonth.swift in Sources */ = {isa = PBXBuildFile; fileRef = 88262B2F23956F5A00BC4FD6 /* RKMonth.swift */; };
		88262B382395720300BC4FD6 /* TestCalendar.swift in Sources */ = {isa = PBXBuildFile; fileRef = 88262B372395720300BC4FD6 /* TestCalendar.swift */; };
		88262B3A2395910100BC4FD6 /* Extensions.swift in Sources */ = {isa = PBXBuildFile; fileRef = 88262B392395910100BC4FD6 /* Extensions.swift */; };
		887BF2D723877A54004C7FFB /* AppDelegate.swift in Sources */ = {isa = PBXBuildFile; fileRef = 887BF2D623877A54004C7FFB /* AppDelegate.swift */; };
		887BF2D923877A54004C7FFB /* SceneDelegate.swift in Sources */ = {isa = PBXBuildFile; fileRef = 887BF2D823877A54004C7FFB /* SceneDelegate.swift */; };
		887BF2E023877A59004C7FFB /* Assets.xcassets in Resources */ = {isa = PBXBuildFile; fileRef = 887BF2DF23877A59004C7FFB /* Assets.xcassets */; };
		887BF2E323877A59004C7FFB /* Preview Assets.xcassets in Resources */ = {isa = PBXBuildFile; fileRef = 887BF2E223877A59004C7FFB /* Preview Assets.xcassets */; };
		887BF2E623877A59004C7FFB /* LaunchScreen.storyboard in Resources */ = {isa = PBXBuildFile; fileRef = 887BF2E423877A59004C7FFB /* LaunchScreen.storyboard */; };
		887BF2EF23878CE1004C7FFB /* Todo.swift in Sources */ = {isa = PBXBuildFile; fileRef = 887BF2EE23878CE1004C7FFB /* Todo.swift */; };
		887BF2F62387911B004C7FFB /* todos.json in Resources */ = {isa = PBXBuildFile; fileRef = 887BF2F52387911B004C7FFB /* todos.json */; };
		887BF2FA238793E8004C7FFB /* TodosList.swift in Sources */ = {isa = PBXBuildFile; fileRef = 887BF2F9238793E8004C7FFB /* TodosList.swift */; };
		887BF2FC23879720004C7FFB /* UserData.swift in Sources */ = {isa = PBXBuildFile; fileRef = 887BF2FB23879720004C7FFB /* UserData.swift */; };
		88A7373823965ABB00C0FC44 /* Badge.swift in Sources */ = {isa = PBXBuildFile; fileRef = 88A7373723965ABB00C0FC44 /* Badge.swift */; };
		88B730AF23955C57001339A4 /* Home.swift in Sources */ = {isa = PBXBuildFile; fileRef = 88B730AE23955C57001339A4 /* Home.swift */; };
/* End PBXBuildFile section */

/* Begin PBXFileReference section */
		882292BE239E1C3000D65974 /* LocalNotificationManager.swift */ = {isa = PBXFileReference; lastKnownFileType = sourcecode.swift; path = LocalNotificationManager.swift; sourceTree = "<group>"; };
		88262B2923956F5A00BC4FD6 /* RKCell.swift */ = {isa = PBXFileReference; fileEncoding = 4; lastKnownFileType = sourcecode.swift; name = RKCell.swift; path = ../../../../repos/RKCalendar/RKCalendar/Manager/RKCell.swift; sourceTree = "<group>"; };
		88262B2A23956F5A00BC4FD6 /* RKViewController.swift */ = {isa = PBXFileReference; fileEncoding = 4; lastKnownFileType = sourcecode.swift; name = RKViewController.swift; path = ../../../../repos/RKCalendar/RKCalendar/Manager/RKViewController.swift; sourceTree = "<group>"; };
		88262B2B23956F5A00BC4FD6 /* RKWeekdayHeader.swift */ = {isa = PBXFileReference; fileEncoding = 4; lastKnownFileType = sourcecode.swift; name = RKWeekdayHeader.swift; path = ../../../../repos/RKCalendar/RKCalendar/Manager/RKWeekdayHeader.swift; sourceTree = "<group>"; };
		88262B2C23956F5A00BC4FD6 /* RKColorSettings.swift */ = {isa = PBXFileReference; fileEncoding = 4; lastKnownFileType = sourcecode.swift; name = RKColorSettings.swift; path = ../../../../repos/RKCalendar/RKCalendar/Manager/RKColorSettings.swift; sourceTree = "<group>"; };
		88262B2D23956F5A00BC4FD6 /* RKDate.swift */ = {isa = PBXFileReference; fileEncoding = 4; lastKnownFileType = sourcecode.swift; name = RKDate.swift; path = ../../../../repos/RKCalendar/RKCalendar/Manager/RKDate.swift; sourceTree = "<group>"; };
		88262B2E23956F5A00BC4FD6 /* RKManager.swift */ = {isa = PBXFileReference; fileEncoding = 4; lastKnownFileType = sourcecode.swift; name = RKManager.swift; path = ../../../../repos/RKCalendar/RKCalendar/Manager/RKManager.swift; sourceTree = "<group>"; };
		88262B2F23956F5A00BC4FD6 /* RKMonth.swift */ = {isa = PBXFileReference; fileEncoding = 4; lastKnownFileType = sourcecode.swift; name = RKMonth.swift; path = ../../../../repos/RKCalendar/RKCalendar/Manager/RKMonth.swift; sourceTree = "<group>"; };
		88262B372395720300BC4FD6 /* TestCalendar.swift */ = {isa = PBXFileReference; lastKnownFileType = sourcecode.swift; path = TestCalendar.swift; sourceTree = "<group>"; };
		88262B392395910100BC4FD6 /* Extensions.swift */ = {isa = PBXFileReference; lastKnownFileType = sourcecode.swift; path = Extensions.swift; sourceTree = "<group>"; };
		887BF2D323877A54004C7FFB /* TodoList.app */ = {isa = PBXFileReference; explicitFileType = wrapper.application; includeInIndex = 0; path = TodoList.app; sourceTree = BUILT_PRODUCTS_DIR; };
		887BF2D623877A54004C7FFB /* AppDelegate.swift */ = {isa = PBXFileReference; lastKnownFileType = sourcecode.swift; path = AppDelegate.swift; sourceTree = "<group>"; };
		887BF2D823877A54004C7FFB /* SceneDelegate.swift */ = {isa = PBXFileReference; lastKnownFileType = sourcecode.swift; path = SceneDelegate.swift; sourceTree = "<group>"; };
		887BF2DF23877A59004C7FFB /* Assets.xcassets */ = {isa = PBXFileReference; lastKnownFileType = folder.assetcatalog; path = Assets.xcassets; sourceTree = "<group>"; };
		887BF2E223877A59004C7FFB /* Preview Assets.xcassets */ = {isa = PBXFileReference; lastKnownFileType = folder.assetcatalog; path = "Preview Assets.xcassets"; sourceTree = "<group>"; };
		887BF2E523877A59004C7FFB /* Base */ = {isa = PBXFileReference; lastKnownFileType = file.storyboard; name = Base; path = Base.lproj/LaunchScreen.storyboard; sourceTree = "<group>"; };
		887BF2E723877A59004C7FFB /* Info.plist */ = {isa = PBXFileReference; lastKnownFileType = text.plist.xml; path = Info.plist; sourceTree = "<group>"; };
		887BF2EE23878CE1004C7FFB /* Todo.swift */ = {isa = PBXFileReference; lastKnownFileType = sourcecode.swift; path = Todo.swift; sourceTree = "<group>"; };
		887BF2F52387911B004C7FFB /* todos.json */ = {isa = PBXFileReference; lastKnownFileType = text.json; path = todos.json; sourceTree = "<group>"; };
		887BF2F9238793E8004C7FFB /* TodosList.swift */ = {isa = PBXFileReference; lastKnownFileType = sourcecode.swift; path = TodosList.swift; sourceTree = "<group>"; };
		887BF2FB23879720004C7FFB /* UserData.swift */ = {isa = PBXFileReference; lastKnownFileType = sourcecode.swift; path = UserData.swift; sourceTree = "<group>"; };
		88A7373723965ABB00C0FC44 /* Badge.swift */ = {isa = PBXFileReference; lastKnownFileType = sourcecode.swift; path = Badge.swift; sourceTree = "<group>"; };
		88B730AE23955C57001339A4 /* Home.swift */ = {isa = PBXFileReference; lastKnownFileType = sourcecode.swift; path = Home.swift; sourceTree = "<group>"; };
/* End PBXFileReference section */

/* Begin PBXFrameworksBuildPhase section */
		887BF2D023877A54004C7FFB /* Frameworks */ = {
			isa = PBXFrameworksBuildPhase;
			buildActionMask = 2147483647;
			files = (
			);
			runOnlyForDeploymentPostprocessing = 0;
		};
/* End PBXFrameworksBuildPhase section */

/* Begin PBXGroup section */
		88262B2823956EB900BC4FD6 /* Calendar */ = {
			isa = PBXGroup;
			children = (
				88262B2923956F5A00BC4FD6 /* RKCell.swift */,
				88262B2C23956F5A00BC4FD6 /* RKColorSettings.swift */,
				88262B2D23956F5A00BC4FD6 /* RKDate.swift */,
				88262B2E23956F5A00BC4FD6 /* RKManager.swift */,
				88262B2F23956F5A00BC4FD6 /* RKMonth.swift */,
				88262B2A23956F5A00BC4FD6 /* RKViewController.swift */,
				88262B2B23956F5A00BC4FD6 /* RKWeekdayHeader.swift */,
			);
			path = Calendar;
			sourceTree = "<group>";
		};
		887BF2CA23877A54004C7FFB = {
			isa = PBXGroup;
			children = (
				887BF2D523877A54004C7FFB /* TodoList */,
				887BF2D423877A54004C7FFB /* Products */,
			);
			sourceTree = "<group>";
		};
		887BF2D423877A54004C7FFB /* Products */ = {
			isa = PBXGroup;
			children = (
				887BF2D323877A54004C7FFB /* TodoList.app */,
			);
			name = Products;
			sourceTree = "<group>";
		};
		887BF2D523877A54004C7FFB /* TodoList */ = {
			isa = PBXGroup;
			children = (
				88262B2823956EB900BC4FD6 /* Calendar */,
				887BF2F223878F51004C7FFB /* Resources */,
				887BF2ED23878C82004C7FFB /* Models */,
				887BF2D623877A54004C7FFB /* AppDelegate.swift */,
				887BF2D823877A54004C7FFB /* SceneDelegate.swift */,
				887BF2DF23877A59004C7FFB /* Assets.xcassets */,
				887BF2E423877A59004C7FFB /* LaunchScreen.storyboard */,
				887BF2E723877A59004C7FFB /* Info.plist */,
				887BF2E123877A59004C7FFB /* Preview Content */,
				887BF2F9238793E8004C7FFB /* TodosList.swift */,
				88B730AE23955C57001339A4 /* Home.swift */,
				88A7373723965ABB00C0FC44 /* Badge.swift */,
				88262B372395720300BC4FD6 /* TestCalendar.swift */,
				88262B392395910100BC4FD6 /* Extensions.swift */,
				882292BE239E1C3000D65974 /* LocalNotificationManager.swift */,
			);
			path = TodoList;
			sourceTree = "<group>";
		};
		887BF2E123877A59004C7FFB /* Preview Content */ = {
			isa = PBXGroup;
			children = (
				887BF2E223877A59004C7FFB /* Preview Assets.xcassets */,
			);
			path = "Preview Content";
			sourceTree = "<group>";
		};
		887BF2ED23878C82004C7FFB /* Models */ = {
			isa = PBXGroup;
			children = (
				887BF2EE23878CE1004C7FFB /* Todo.swift */,
				887BF2FB23879720004C7FFB /* UserData.swift */,
			);
			path = Models;
			sourceTree = "<group>";
		};
		887BF2F223878F51004C7FFB /* Resources */ = {
			isa = PBXGroup;
			children = (
				887BF2F52387911B004C7FFB /* todos.json */,
			);
			path = Resources;
			sourceTree = "<group>";
		};
/* End PBXGroup section */

/* Begin PBXNativeTarget section */
		887BF2D223877A54004C7FFB /* TodoList */ = {
			isa = PBXNativeTarget;
			buildConfigurationList = 887BF2EA23877A59004C7FFB /* Build configuration list for PBXNativeTarget "TodoList" */;
			buildPhases = (
				887BF2CF23877A54004C7FFB /* Sources */,
				887BF2D023877A54004C7FFB /* Frameworks */,
				887BF2D123877A54004C7FFB /* Resources */,
			);
			buildRules = (
			);
			dependencies = (
			);
			name = TodoList;
			productName = TodoList;
			productReference = 887BF2D323877A54004C7FFB /* TodoList.app */;
			productType = "com.apple.product-type.application";
		};
/* End PBXNativeTarget section */

/* Begin PBXProject section */
		887BF2CB23877A54004C7FFB /* Project object */ = {
			isa = PBXProject;
			attributes = {
				LastSwiftUpdateCheck = 1120;
				LastUpgradeCheck = 1120;
				ORGANIZATIONNAME = "Christopher Fields";
				TargetAttributes = {
					887BF2D223877A54004C7FFB = {
						CreatedOnToolsVersion = 11.2;
					};
				};
			};
			buildConfigurationList = 887BF2CE23877A54004C7FFB /* Build configuration list for PBXProject "TodoList" */;
			compatibilityVersion = "Xcode 9.3";
			developmentRegion = en;
			hasScannedForEncodings = 0;
			knownRegions = (
				en,
				Base,
			);
			mainGroup = 887BF2CA23877A54004C7FFB;
			productRefGroup = 887BF2D423877A54004C7FFB /* Products */;
			projectDirPath = "";
			projectRoot = "";
			targets = (
				887BF2D223877A54004C7FFB /* TodoList */,
			);
		};
/* End PBXProject section */

/* Begin PBXResourcesBuildPhase section */
		887BF2D123877A54004C7FFB /* Resources */ = {
			isa = PBXResourcesBuildPhase;
			buildActionMask = 2147483647;
			files = (
				887BF2E623877A59004C7FFB /* LaunchScreen.storyboard in Resources */,
				887BF2E323877A59004C7FFB /* Preview Assets.xcassets in Resources */,
				887BF2E023877A59004C7FFB /* Assets.xcassets in Resources */,
				887BF2F62387911B004C7FFB /* todos.json in Resources */,
			);
			runOnlyForDeploymentPostprocessing = 0;
		};
/* End PBXResourcesBuildPhase section */

/* Begin PBXSourcesBuildPhase section */
		887BF2CF23877A54004C7FFB /* Sources */ = {
			isa = PBXSourcesBuildPhase;
			buildActionMask = 2147483647;
			files = (
				88262B3223956F5A00BC4FD6 /* RKWeekdayHeader.swift in Sources */,
				887BF2FC23879720004C7FFB /* UserData.swift in Sources */,
				882292BF239E1C3000D65974 /* LocalNotificationManager.swift in Sources */,
				887BF2D723877A54004C7FFB /* AppDelegate.swift in Sources */,
				88262B3523956F5A00BC4FD6 /* RKManager.swift in Sources */,
				88262B382395720300BC4FD6 /* TestCalendar.swift in Sources */,
				887BF2D923877A54004C7FFB /* SceneDelegate.swift in Sources */,
				88262B3023956F5A00BC4FD6 /* RKCell.swift in Sources */,
				887BF2EF23878CE1004C7FFB /* Todo.swift in Sources */,
				887BF2FA238793E8004C7FFB /* TodosList.swift in Sources */,
				88A7373823965ABB00C0FC44 /* Badge.swift in Sources */,
				88262B3623956F5A00BC4FD6 /* RKMonth.swift in Sources */,
				88262B3A2395910100BC4FD6 /* Extensions.swift in Sources */,
				88262B3123956F5A00BC4FD6 /* RKViewController.swift in Sources */,
				88B730AF23955C57001339A4 /* Home.swift in Sources */,
				88262B3423956F5A00BC4FD6 /* RKDate.swift in Sources */,
				88262B3323956F5A00BC4FD6 /* RKColorSettings.swift in Sources */,
			);
			runOnlyForDeploymentPostprocessing = 0;
		};
/* End PBXSourcesBuildPhase section */

/* Begin PBXVariantGroup section */
		887BF2E423877A59004C7FFB /* LaunchScreen.storyboard */ = {
			isa = PBXVariantGroup;
			children = (
				887BF2E523877A59004C7FFB /* Base */,
			);
			name = LaunchScreen.storyboard;
			sourceTree = "<group>";
		};
/* End PBXVariantGroup section */

/* Begin XCBuildConfiguration section */
		887BF2E823877A59004C7FFB /* Debug */ = {
			isa = XCBuildConfiguration;
			buildSettings = {
				ALWAYS_SEARCH_USER_PATHS = NO;
				CLANG_ANALYZER_NONNULL = YES;
				CLANG_ANALYZER_NUMBER_OBJECT_CONVERSION = YES_AGGRESSIVE;
				CLANG_CXX_LANGUAGE_STANDARD = "gnu++14";
				CLANG_CXX_LIBRARY = "libc++";
				CLANG_ENABLE_MODULES = YES;
				CLANG_ENABLE_OBJC_ARC = YES;
				CLANG_ENABLE_OBJC_WEAK = YES;
				CLANG_WARN_BLOCK_CAPTURE_AUTORELEASING = YES;
				CLANG_WARN_BOOL_CONVERSION = YES;
				CLANG_WARN_COMMA = YES;
				CLANG_WARN_CONSTANT_CONVERSION = YES;
				CLANG_WARN_DEPRECATED_OBJC_IMPLEMENTATIONS = YES;
				CLANG_WARN_DIRECT_OBJC_ISA_USAGE = YES_ERROR;
				CLANG_WARN_DOCUMENTATION_COMMENTS = YES;
				CLANG_WARN_EMPTY_BODY = YES;
				CLANG_WARN_ENUM_CONVERSION = YES;
				CLANG_WARN_INFINITE_RECURSION = YES;
				CLANG_WARN_INT_CONVERSION = YES;
				CLANG_WARN_NON_LITERAL_NULL_CONVERSION = YES;
				CLANG_WARN_OBJC_IMPLICIT_RETAIN_SELF = YES;
				CLANG_WARN_OBJC_LITERAL_CONVERSION = YES;
				CLANG_WARN_OBJC_ROOT_CLASS = YES_ERROR;
				CLANG_WARN_RANGE_LOOP_ANALYSIS = YES;
				CLANG_WARN_STRICT_PROTOTYPES = YES;
				CLANG_WARN_SUSPICIOUS_MOVE = YES;
				CLANG_WARN_UNGUARDED_AVAILABILITY = YES_AGGRESSIVE;
				CLANG_WARN_UNREACHABLE_CODE = YES;
				CLANG_WARN__DUPLICATE_METHOD_MATCH = YES;
				COPY_PHASE_STRIP = NO;
				DEBUG_INFORMATION_FORMAT = dwarf;
				ENABLE_STRICT_OBJC_MSGSEND = YES;
				ENABLE_TESTABILITY = YES;
				GCC_C_LANGUAGE_STANDARD = gnu11;
				GCC_DYNAMIC_NO_PIC = NO;
				GCC_NO_COMMON_BLOCKS = YES;
				GCC_OPTIMIZATION_LEVEL = 0;
				GCC_PREPROCESSOR_DEFINITIONS = (
					"DEBUG=1",
					"$(inherited)",
				);
				GCC_WARN_64_TO_32_BIT_CONVERSION = YES;
				GCC_WARN_ABOUT_RETURN_TYPE = YES_ERROR;
				GCC_WARN_UNDECLARED_SELECTOR = YES;
				GCC_WARN_UNINITIALIZED_AUTOS = YES_AGGRESSIVE;
				GCC_WARN_UNUSED_FUNCTION = YES;
				GCC_WARN_UNUSED_VARIABLE = YES;
				IPHONEOS_DEPLOYMENT_TARGET = 13.2;
				MTL_ENABLE_DEBUG_INFO = INCLUDE_SOURCE;
				MTL_FAST_MATH = YES;
				ONLY_ACTIVE_ARCH = YES;
				SDKROOT = iphoneos;
				SWIFT_ACTIVE_COMPILATION_CONDITIONS = DEBUG;
				SWIFT_OPTIMIZATION_LEVEL = "-Onone";
			};
			name = Debug;
		};
		887BF2E923877A59004C7FFB /* Release */ = {
			isa = XCBuildConfiguration;
			buildSettings = {
				ALWAYS_SEARCH_USER_PATHS = NO;
				CLANG_ANALYZER_NONNULL = YES;
				CLANG_ANALYZER_NUMBER_OBJECT_CONVERSION = YES_AGGRESSIVE;
				CLANG_CXX_LANGUAGE_STANDARD = "gnu++14";
				CLANG_CXX_LIBRARY = "libc++";
				CLANG_ENABLE_MODULES = YES;
				CLANG_ENABLE_OBJC_ARC = YES;
				CLANG_ENABLE_OBJC_WEAK = YES;
				CLANG_WARN_BLOCK_CAPTURE_AUTORELEASING = YES;
				CLANG_WARN_BOOL_CONVERSION = YES;
				CLANG_WARN_COMMA = YES;
				CLANG_WARN_CONSTANT_CONVERSION = YES;
				CLANG_WARN_DEPRECATED_OBJC_IMPLEMENTATIONS = YES;
				CLANG_WARN_DIRECT_OBJC_ISA_USAGE = YES_ERROR;
				CLANG_WARN_DOCUMENTATION_COMMENTS = YES;
				CLANG_WARN_EMPTY_BODY = YES;
				CLANG_WARN_ENUM_CONVERSION = YES;
				CLANG_WARN_INFINITE_RECURSION = YES;
				CLANG_WARN_INT_CONVERSION = YES;
				CLANG_WARN_NON_LITERAL_NULL_CONVERSION = YES;
				CLANG_WARN_OBJC_IMPLICIT_RETAIN_SELF = YES;
				CLANG_WARN_OBJC_LITERAL_CONVERSION = YES;
				CLANG_WARN_OBJC_ROOT_CLASS = YES_ERROR;
				CLANG_WARN_RANGE_LOOP_ANALYSIS = YES;
				CLANG_WARN_STRICT_PROTOTYPES = YES;
				CLANG_WARN_SUSPICIOUS_MOVE = YES;
				CLANG_WARN_UNGUARDED_AVAILABILITY = YES_AGGRESSIVE;
				CLANG_WARN_UNREACHABLE_CODE = YES;
				CLANG_WARN__DUPLICATE_METHOD_MATCH = YES;
				COPY_PHASE_STRIP = NO;
				DEBUG_INFORMATION_FORMAT = "dwarf-with-dsym";
				ENABLE_NS_ASSERTIONS = NO;
				ENABLE_STRICT_OBJC_MSGSEND = YES;
				GCC_C_LANGUAGE_STANDARD = gnu11;
				GCC_NO_COMMON_BLOCKS = YES;
				GCC_WARN_64_TO_32_BIT_CONVERSION = YES;
				GCC_WARN_ABOUT_RETURN_TYPE = YES_ERROR;
				GCC_WARN_UNDECLARED_SELECTOR = YES;
				GCC_WARN_UNINITIALIZED_AUTOS = YES_AGGRESSIVE;
				GCC_WARN_UNUSED_FUNCTION = YES;
				GCC_WARN_UNUSED_VARIABLE = YES;
				IPHONEOS_DEPLOYMENT_TARGET = 13.2;
				MTL_ENABLE_DEBUG_INFO = NO;
				MTL_FAST_MATH = YES;
				SDKROOT = iphoneos;
				SWIFT_COMPILATION_MODE = wholemodule;
				SWIFT_OPTIMIZATION_LEVEL = "-O";
				VALIDATE_PRODUCT = YES;
			};
			name = Release;
		};
		887BF2EB23877A59004C7FFB /* Debug */ = {
			isa = XCBuildConfiguration;
			buildSettings = {
				ASSETCATALOG_COMPILER_APPICON_NAME = AppIcon;
				CODE_SIGN_STYLE = Automatic;
				DEVELOPMENT_ASSET_PATHS = "\"TodoList/Preview Content\"";
				DEVELOPMENT_TEAM = 45R72863PK;
				ENABLE_PREVIEWS = YES;
				INFOPLIST_FILE = TodoList/Info.plist;
				LD_RUNPATH_SEARCH_PATHS = (
					"$(inherited)",
					"@executable_path/Frameworks",
				);
				PRODUCT_BUNDLE_IDENTIFIER = com.fieldsii.chris.TodoList;
				PRODUCT_NAME = "$(TARGET_NAME)";
				SWIFT_VERSION = 5.0;
				TARGETED_DEVICE_FAMILY = "1,2";
			};
			name = Debug;
		};
		887BF2EC23877A59004C7FFB /* Release */ = {
			isa = XCBuildConfiguration;
			buildSettings = {
				ASSETCATALOG_COMPILER_APPICON_NAME = AppIcon;
				CODE_SIGN_STYLE = Automatic;
				DEVELOPMENT_ASSET_PATHS = "\"TodoList/Preview Content\"";
				DEVELOPMENT_TEAM = 45R72863PK;
				ENABLE_PREVIEWS = YES;
				INFOPLIST_FILE = TodoList/Info.plist;
				LD_RUNPATH_SEARCH_PATHS = (
					"$(inherited)",
					"@executable_path/Frameworks",
				);
				PRODUCT_BUNDLE_IDENTIFIER = com.fieldsii.chris.TodoList;
				PRODUCT_NAME = "$(TARGET_NAME)";
				SWIFT_VERSION = 5.0;
				TARGETED_DEVICE_FAMILY = "1,2";
			};
			name = Release;
		};
/* End XCBuildConfiguration section */

/* Begin XCConfigurationList section */
		887BF2CE23877A54004C7FFB /* Build configuration list for PBXProject "TodoList" */ = {
			isa = XCConfigurationList;
			buildConfigurations = (
				887BF2E823877A59004C7FFB /* Debug */,
				887BF2E923877A59004C7FFB /* Release */,
			);
			defaultConfigurationIsVisible = 0;
			defaultConfigurationName = Release;
		};
		887BF2EA23877A59004C7FFB /* Build configuration list for PBXNativeTarget "TodoList" */ = {
			isa = XCConfigurationList;
			buildConfigurations = (
				887BF2EB23877A59004C7FFB /* Debug */,
				887BF2EC23877A59004C7FFB /* Release */,
			);
			defaultConfigurationIsVisible = 0;
			defaultConfigurationName = Release;
		};
/* End XCConfigurationList section */
	};
	rootObject = 887BF2CB23877A54004C7FFB /* Project object */;
}
